// !$*UTF8*$!
{
	archiveVersion = 1;
	classes = {
	};
	objectVersion = 50;
	objects = {

/* Begin PBXBuildFile section */
		2378660D9DF796AFBA3F55D2 /* Pods_Reciplease.framework in Frameworks */ = {isa = PBXBuildFile; fileRef = 28533363DEC48F0C97D62108 /* Pods_Reciplease.framework */; };
		347328958075FDE3E9B9ED58 /* Pods_RecipleaseTests.framework in Frameworks */ = {isa = PBXBuildFile; fileRef = 95D30A449E6D52960B3BC84F /* Pods_RecipleaseTests.framework */; };
		5A15688425138A6C0086EB19 /* AppDelegate.swift in Sources */ = {isa = PBXBuildFile; fileRef = 5A15688325138A6C0086EB19 /* AppDelegate.swift */; };
		5A15688B25138A6C0086EB19 /* Main.storyboard in Resources */ = {isa = PBXBuildFile; fileRef = 5A15688925138A6C0086EB19 /* Main.storyboard */; };
		5A15688E25138A6C0086EB19 /* Reciplease.xcdatamodeld in Sources */ = {isa = PBXBuildFile; fileRef = 5A15688C25138A6C0086EB19 /* Reciplease.xcdatamodeld */; };
		5A15689025138A700086EB19 /* Assets.xcassets in Resources */ = {isa = PBXBuildFile; fileRef = 5A15688F25138A700086EB19 /* Assets.xcassets */; };
		5A15689325138A700086EB19 /* LaunchScreen.storyboard in Resources */ = {isa = PBXBuildFile; fileRef = 5A15689125138A700086EB19 /* LaunchScreen.storyboard */; };
		5A15689E25138A700086EB19 /* RecipleaseTests.swift in Sources */ = {isa = PBXBuildFile; fileRef = 5A15689D25138A700086EB19 /* RecipleaseTests.swift */; };
		5A1568A925138A700086EB19 /* RecipleaseUITests.swift in Sources */ = {isa = PBXBuildFile; fileRef = 5A1568A825138A700086EB19 /* RecipleaseUITests.swift */; };
		5A445AD72549A40B00141EAF /* RecipesSession.swift in Sources */ = {isa = PBXBuildFile; fileRef = 5A445AD62549A40B00141EAF /* RecipesSession.swift */; };
		5A445ADF2549A42D00141EAF /* AlamofireSessionFake.swift in Sources */ = {isa = PBXBuildFile; fileRef = 5A445ADE2549A42C00141EAF /* AlamofireSessionFake.swift */; };
		5A445AEE2549A65200141EAF /* FavoriteRecipes.swift in Sources */ = {isa = PBXBuildFile; fileRef = 5A445AED2549A65200141EAF /* FavoriteRecipes.swift */; };
		5A5023E4253040990061DE1C /* RecipeDetailViewController.swift in Sources */ = {isa = PBXBuildFile; fileRef = 5A5023E3253040990061DE1C /* RecipeDetailViewController.swift */; };
		5A595EDD25149EA800D1C3F1 /* Recipes.swift in Sources */ = {isa = PBXBuildFile; fileRef = 5A595EDC25149EA800D1C3F1 /* Recipes.swift */; };
		5A595EDF25149F4500D1C3F1 /* RecipesServices.swift in Sources */ = {isa = PBXBuildFile; fileRef = 5A595EDE25149F4500D1C3F1 /* RecipesServices.swift */; };
		5A595EE32514A2F100D1C3F1 /* FakeResponseData.swift in Sources */ = {isa = PBXBuildFile; fileRef = 5A595EE22514A2F100D1C3F1 /* FakeResponseData.swift */; };
		5A595EE92514A7F900D1C3F1 /* Recipes.json in Resources */ = {isa = PBXBuildFile; fileRef = 5A595EE82514A7F800D1C3F1 /* Recipes.json */; };
		5A5E42C0255995DB006B3D9D /* CoreDataManager.swift in Sources */ = {isa = PBXBuildFile; fileRef = 5A5E42BF255995DB006B3D9D /* CoreDataManager.swift */; };
		5A6F958E2522028500CDEAF0 /* RecipesTableViewCell.swift in Sources */ = {isa = PBXBuildFile; fileRef = 5A6F958D2522028500CDEAF0 /* RecipesTableViewCell.swift */; };
		5AB1398D25347FC900676CC2 /* FavoriteRecipesTableViewCell.swift in Sources */ = {isa = PBXBuildFile; fileRef = 5AB1398C25347FC900676CC2 /* FavoriteRecipesTableViewCell.swift */; };
		5AB139922534802400676CC2 /* FavoriteRecipesViewController.swift in Sources */ = {isa = PBXBuildFile; fileRef = 5AB139912534802400676CC2 /* FavoriteRecipesViewController.swift */; };
		5AFD92302518A68C00A0365C /* SearchViewController.swift in Sources */ = {isa = PBXBuildFile; fileRef = 5AFD922F2518A68C00A0365C /* SearchViewController.swift */; };
		5AFD923E2519E05000A0365C /* RecipesViewController.swift in Sources */ = {isa = PBXBuildFile; fileRef = 5AFD923D2519E05000A0365C /* RecipesViewController.swift */; };
/* End PBXBuildFile section */

/* Begin PBXContainerItemProxy section */
		5A15689A25138A700086EB19 /* PBXContainerItemProxy */ = {
			isa = PBXContainerItemProxy;
			containerPortal = 5A15687825138A6C0086EB19 /* Project object */;
			proxyType = 1;
			remoteGlobalIDString = 5A15687F25138A6C0086EB19;
			remoteInfo = Reciplease;
		};
		5A1568A525138A700086EB19 /* PBXContainerItemProxy */ = {
			isa = PBXContainerItemProxy;
			containerPortal = 5A15687825138A6C0086EB19 /* Project object */;
			proxyType = 1;
			remoteGlobalIDString = 5A15687F25138A6C0086EB19;
			remoteInfo = Reciplease;
		};
/* End PBXContainerItemProxy section */

/* Begin PBXFileReference section */
		1A15092ACBF5C200FB56DA6D /* Pods-Reciplease.release.xcconfig */ = {isa = PBXFileReference; includeInIndex = 1; lastKnownFileType = text.xcconfig; name = "Pods-Reciplease.release.xcconfig"; path = "Pods/Target Support Files/Pods-Reciplease/Pods-Reciplease.release.xcconfig"; sourceTree = "<group>"; };
		20E5F46C0D80D2BC17A59AC6 /* Pods-Reciplease.debug.xcconfig */ = {isa = PBXFileReference; includeInIndex = 1; lastKnownFileType = text.xcconfig; name = "Pods-Reciplease.debug.xcconfig"; path = "Pods/Target Support Files/Pods-Reciplease/Pods-Reciplease.debug.xcconfig"; sourceTree = "<group>"; };
		28533363DEC48F0C97D62108 /* Pods_Reciplease.framework */ = {isa = PBXFileReference; explicitFileType = wrapper.framework; includeInIndex = 0; path = Pods_Reciplease.framework; sourceTree = BUILT_PRODUCTS_DIR; };
		537C86A3A83632EB6C0F479F /* Pods-RecipleaseTests.release.xcconfig */ = {isa = PBXFileReference; includeInIndex = 1; lastKnownFileType = text.xcconfig; name = "Pods-RecipleaseTests.release.xcconfig"; path = "Pods/Target Support Files/Pods-RecipleaseTests/Pods-RecipleaseTests.release.xcconfig"; sourceTree = "<group>"; };
		5A15688025138A6C0086EB19 /* Reciplease.app */ = {isa = PBXFileReference; explicitFileType = wrapper.application; includeInIndex = 0; path = Reciplease.app; sourceTree = BUILT_PRODUCTS_DIR; };
		5A15688325138A6C0086EB19 /* AppDelegate.swift */ = {isa = PBXFileReference; lastKnownFileType = sourcecode.swift; path = AppDelegate.swift; sourceTree = "<group>"; };
		5A15688A25138A6C0086EB19 /* Base */ = {isa = PBXFileReference; lastKnownFileType = file.storyboard; name = Base; path = Base.lproj/Main.storyboard; sourceTree = "<group>"; };
		5A15688D25138A6C0086EB19 /* Reciplease.xcdatamodel */ = {isa = PBXFileReference; lastKnownFileType = wrapper.xcdatamodel; path = Reciplease.xcdatamodel; sourceTree = "<group>"; };
		5A15688F25138A700086EB19 /* Assets.xcassets */ = {isa = PBXFileReference; lastKnownFileType = folder.assetcatalog; path = Assets.xcassets; sourceTree = "<group>"; };
		5A15689225138A700086EB19 /* Base */ = {isa = PBXFileReference; lastKnownFileType = file.storyboard; name = Base; path = Base.lproj/LaunchScreen.storyboard; sourceTree = "<group>"; };
		5A15689425138A700086EB19 /* Info.plist */ = {isa = PBXFileReference; lastKnownFileType = text.plist.xml; name = Info.plist; path = "Reciplease/Other Files/Info.plist"; sourceTree = SOURCE_ROOT; };
		5A15689925138A700086EB19 /* RecipleaseTests.xctest */ = {isa = PBXFileReference; explicitFileType = wrapper.cfbundle; includeInIndex = 0; path = RecipleaseTests.xctest; sourceTree = BUILT_PRODUCTS_DIR; };
		5A15689D25138A700086EB19 /* RecipleaseTests.swift */ = {isa = PBXFileReference; lastKnownFileType = sourcecode.swift; path = RecipleaseTests.swift; sourceTree = "<group>"; };
		5A15689F25138A700086EB19 /* Info.plist */ = {isa = PBXFileReference; lastKnownFileType = text.plist.xml; path = Info.plist; sourceTree = "<group>"; };
		5A1568A425138A700086EB19 /* RecipleaseUITests.xctest */ = {isa = PBXFileReference; explicitFileType = wrapper.cfbundle; includeInIndex = 0; path = RecipleaseUITests.xctest; sourceTree = BUILT_PRODUCTS_DIR; };
		5A1568A825138A700086EB19 /* RecipleaseUITests.swift */ = {isa = PBXFileReference; lastKnownFileType = sourcecode.swift; path = RecipleaseUITests.swift; sourceTree = "<group>"; };
		5A1568AA25138A700086EB19 /* Info.plist */ = {isa = PBXFileReference; lastKnownFileType = text.plist.xml; path = Info.plist; sourceTree = "<group>"; };
		5A445AD62549A40B00141EAF /* RecipesSession.swift */ = {isa = PBXFileReference; fileEncoding = 4; lastKnownFileType = sourcecode.swift; path = RecipesSession.swift; sourceTree = "<group>"; };
		5A445ADE2549A42C00141EAF /* AlamofireSessionFake.swift */ = {isa = PBXFileReference; fileEncoding = 4; lastKnownFileType = sourcecode.swift; path = AlamofireSessionFake.swift; sourceTree = "<group>"; };
		5A445AED2549A65200141EAF /* FavoriteRecipes.swift */ = {isa = PBXFileReference; lastKnownFileType = sourcecode.swift; path = FavoriteRecipes.swift; sourceTree = "<group>"; };
		5A5023E3253040990061DE1C /* RecipeDetailViewController.swift */ = {isa = PBXFileReference; lastKnownFileType = sourcecode.swift; path = RecipeDetailViewController.swift; sourceTree = "<group>"; };
		5A595EDC25149EA800D1C3F1 /* Recipes.swift */ = {isa = PBXFileReference; lastKnownFileType = sourcecode.swift; path = Recipes.swift; sourceTree = "<group>"; };
		5A595EDE25149F4500D1C3F1 /* RecipesServices.swift */ = {isa = PBXFileReference; lastKnownFileType = sourcecode.swift; path = RecipesServices.swift; sourceTree = "<group>"; };
		5A595EE22514A2F100D1C3F1 /* FakeResponseData.swift */ = {isa = PBXFileReference; lastKnownFileType = sourcecode.swift; path = FakeResponseData.swift; sourceTree = "<group>"; };
		5A595EE82514A7F800D1C3F1 /* Recipes.json */ = {isa = PBXFileReference; lastKnownFileType = text.json; path = Recipes.json; sourceTree = "<group>"; };
		5A5E42BF255995DB006B3D9D /* CoreDataManager.swift */ = {isa = PBXFileReference; lastKnownFileType = sourcecode.swift; path = CoreDataManager.swift; sourceTree = "<group>"; };
		5A6F958D2522028500CDEAF0 /* RecipesTableViewCell.swift */ = {isa = PBXFileReference; lastKnownFileType = sourcecode.swift; path = RecipesTableViewCell.swift; sourceTree = "<group>"; };
		5AB1398C25347FC900676CC2 /* FavoriteRecipesTableViewCell.swift */ = {isa = PBXFileReference; lastKnownFileType = sourcecode.swift; path = FavoriteRecipesTableViewCell.swift; sourceTree = "<group>"; };
		5AB139912534802400676CC2 /* FavoriteRecipesViewController.swift */ = {isa = PBXFileReference; lastKnownFileType = sourcecode.swift; path = FavoriteRecipesViewController.swift; sourceTree = "<group>"; };
		5AFD922F2518A68C00A0365C /* SearchViewController.swift */ = {isa = PBXFileReference; lastKnownFileType = sourcecode.swift; path = SearchViewController.swift; sourceTree = "<group>"; };
		5AFD923D2519E05000A0365C /* RecipesViewController.swift */ = {isa = PBXFileReference; lastKnownFileType = sourcecode.swift; path = RecipesViewController.swift; sourceTree = "<group>"; };
		692B913848BFC031080ED080 /* Pods-RecipleaseTests.debug.xcconfig */ = {isa = PBXFileReference; includeInIndex = 1; lastKnownFileType = text.xcconfig; name = "Pods-RecipleaseTests.debug.xcconfig"; path = "Pods/Target Support Files/Pods-RecipleaseTests/Pods-RecipleaseTests.debug.xcconfig"; sourceTree = "<group>"; };
		95D30A449E6D52960B3BC84F /* Pods_RecipleaseTests.framework */ = {isa = PBXFileReference; explicitFileType = wrapper.framework; includeInIndex = 0; path = Pods_RecipleaseTests.framework; sourceTree = BUILT_PRODUCTS_DIR; };
/* End PBXFileReference section */

/* Begin PBXFrameworksBuildPhase section */
		5A15687D25138A6C0086EB19 /* Frameworks */ = {
			isa = PBXFrameworksBuildPhase;
			buildActionMask = 2147483647;
			files = (
				2378660D9DF796AFBA3F55D2 /* Pods_Reciplease.framework in Frameworks */,
			);
			runOnlyForDeploymentPostprocessing = 0;
		};
		5A15689625138A700086EB19 /* Frameworks */ = {
			isa = PBXFrameworksBuildPhase;
			buildActionMask = 2147483647;
			files = (
				347328958075FDE3E9B9ED58 /* Pods_RecipleaseTests.framework in Frameworks */,
			);
			runOnlyForDeploymentPostprocessing = 0;
		};
		5A1568A125138A700086EB19 /* Frameworks */ = {
			isa = PBXFrameworksBuildPhase;
			buildActionMask = 2147483647;
			files = (
			);
			runOnlyForDeploymentPostprocessing = 0;
		};
/* End PBXFrameworksBuildPhase section */

/* Begin PBXGroup section */
		1AFA4EFA0248DABF01771DC7 /* Pods */ = {
			isa = PBXGroup;
			children = (
				20E5F46C0D80D2BC17A59AC6 /* Pods-Reciplease.debug.xcconfig */,
				1A15092ACBF5C200FB56DA6D /* Pods-Reciplease.release.xcconfig */,
				692B913848BFC031080ED080 /* Pods-RecipleaseTests.debug.xcconfig */,
				537C86A3A83632EB6C0F479F /* Pods-RecipleaseTests.release.xcconfig */,
			);
			name = Pods;
			sourceTree = "<group>";
		};
		54FC504329E47C2CBBAD5A81 /* Frameworks */ = {
			isa = PBXGroup;
			children = (
				28533363DEC48F0C97D62108 /* Pods_Reciplease.framework */,
				95D30A449E6D52960B3BC84F /* Pods_RecipleaseTests.framework */,
			);
			name = Frameworks;
			sourceTree = "<group>";
		};
		5A15687725138A6C0086EB19 = {
			isa = PBXGroup;
			children = (
				5A15688225138A6C0086EB19 /* Reciplease */,
				5A15689C25138A700086EB19 /* RecipleaseTests */,
				5A1568A725138A700086EB19 /* RecipleaseUITests */,
				5A15688125138A6C0086EB19 /* Products */,
				1AFA4EFA0248DABF01771DC7 /* Pods */,
				54FC504329E47C2CBBAD5A81 /* Frameworks */,
			);
			sourceTree = "<group>";
		};
		5A15688125138A6C0086EB19 /* Products */ = {
			isa = PBXGroup;
			children = (
				5A15688025138A6C0086EB19 /* Reciplease.app */,
				5A15689925138A700086EB19 /* RecipleaseTests.xctest */,
				5A1568A425138A700086EB19 /* RecipleaseUITests.xctest */,
			);
			name = Products;
			sourceTree = "<group>";
		};
		5A15688225138A6C0086EB19 /* Reciplease */ = {
			isa = PBXGroup;
			children = (
				5A1568B925138A900086EB19 /* Other Files */,
				5A1568B825138A890086EB19 /* Model */,
				5A1568B725138A820086EB19 /* View */,
				5A1568B625138A780086EB19 /* Controller */,
			);
			path = Reciplease;
			sourceTree = "<group>";
		};
		5A15689C25138A700086EB19 /* RecipleaseTests */ = {
			isa = PBXGroup;
			children = (
				5A445ADE2549A42C00141EAF /* AlamofireSessionFake.swift */,
				5A15689D25138A700086EB19 /* RecipleaseTests.swift */,
				5A15689F25138A700086EB19 /* Info.plist */,
				5A595EE22514A2F100D1C3F1 /* FakeResponseData.swift */,
				5A595EE82514A7F800D1C3F1 /* Recipes.json */,
			);
			path = RecipleaseTests;
			sourceTree = "<group>";
		};
		5A1568A725138A700086EB19 /* RecipleaseUITests */ = {
			isa = PBXGroup;
			children = (
				5A1568A825138A700086EB19 /* RecipleaseUITests.swift */,
				5A1568AA25138A700086EB19 /* Info.plist */,
			);
			path = RecipleaseUITests;
			sourceTree = "<group>";
		};
		5A1568B625138A780086EB19 /* Controller */ = {
			isa = PBXGroup;
			children = (
				5AFD922F2518A68C00A0365C /* SearchViewController.swift */,
				5AFD923D2519E05000A0365C /* RecipesViewController.swift */,
				5A5023E3253040990061DE1C /* RecipeDetailViewController.swift */,
				5AB139912534802400676CC2 /* FavoriteRecipesViewController.swift */,
			);
			path = Controller;
			sourceTree = "<group>";
		};
		5A1568B725138A820086EB19 /* View */ = {
			isa = PBXGroup;
			children = (
				5A15689125138A700086EB19 /* LaunchScreen.storyboard */,
				5A15688925138A6C0086EB19 /* Main.storyboard */,
				5A15688F25138A700086EB19 /* Assets.xcassets */,
				5A6F958D2522028500CDEAF0 /* RecipesTableViewCell.swift */,
				5AB1398C25347FC900676CC2 /* FavoriteRecipesTableViewCell.swift */,
			);
			path = View;
			sourceTree = "<group>";
		};
		5A1568B825138A890086EB19 /* Model */ = {
			isa = PBXGroup;
			children = (
				5A15688C25138A6C0086EB19 /* Reciplease.xcdatamodeld */,
				5A445AED2549A65200141EAF /* FavoriteRecipes.swift */,
				5A595EDC25149EA800D1C3F1 /* Recipes.swift */,
				5A595EDE25149F4500D1C3F1 /* RecipesServices.swift */,
				5A445AD62549A40B00141EAF /* RecipesSession.swift */,
				5A5E42BF255995DB006B3D9D /* CoreDataManager.swift */,
			);
			path = Model;
			sourceTree = "<group>";
		};
		5A1568B925138A900086EB19 /* Other Files */ = {
			isa = PBXGroup;
			children = (
				5A15688325138A6C0086EB19 /* AppDelegate.swift */,
				5A15689425138A700086EB19 /* Info.plist */,
			);
			path = "Other Files";
			sourceTree = "<group>";
		};
/* End PBXGroup section */

/* Begin PBXNativeTarget section */
		5A15687F25138A6C0086EB19 /* Reciplease */ = {
			isa = PBXNativeTarget;
			buildConfigurationList = 5A1568AD25138A700086EB19 /* Build configuration list for PBXNativeTarget "Reciplease" */;
			buildPhases = (
				80927AA4017E0298E795D17D /* [CP] Check Pods Manifest.lock */,
				5A15687C25138A6C0086EB19 /* Sources */,
				5A15687D25138A6C0086EB19 /* Frameworks */,
				5A15687E25138A6C0086EB19 /* Resources */,
				BA164FDFF1E2E897F9D771DA /* [CP] Embed Pods Frameworks */,
			);
			buildRules = (
			);
			dependencies = (
			);
			name = Reciplease;
			productName = Reciplease;
			productReference = 5A15688025138A6C0086EB19 /* Reciplease.app */;
			productType = "com.apple.product-type.application";
		};
		5A15689825138A700086EB19 /* RecipleaseTests */ = {
			isa = PBXNativeTarget;
			buildConfigurationList = 5A1568B025138A700086EB19 /* Build configuration list for PBXNativeTarget "RecipleaseTests" */;
			buildPhases = (
				F02EAE8DB03FA8BF39B00CE6 /* [CP] Check Pods Manifest.lock */,
				5A15689525138A700086EB19 /* Sources */,
				5A15689625138A700086EB19 /* Frameworks */,
				5A15689725138A700086EB19 /* Resources */,
				D43730C612E5E8A64C5514CE /* [CP] Embed Pods Frameworks */,
			);
			buildRules = (
			);
			dependencies = (
				5A15689B25138A700086EB19 /* PBXTargetDependency */,
			);
			name = RecipleaseTests;
			productName = RecipleaseTests;
			productReference = 5A15689925138A700086EB19 /* RecipleaseTests.xctest */;
			productType = "com.apple.product-type.bundle.unit-test";
		};
		5A1568A325138A700086EB19 /* RecipleaseUITests */ = {
			isa = PBXNativeTarget;
			buildConfigurationList = 5A1568B325138A700086EB19 /* Build configuration list for PBXNativeTarget "RecipleaseUITests" */;
			buildPhases = (
				5A1568A025138A700086EB19 /* Sources */,
				5A1568A125138A700086EB19 /* Frameworks */,
				5A1568A225138A700086EB19 /* Resources */,
			);
			buildRules = (
			);
			dependencies = (
				5A1568A625138A700086EB19 /* PBXTargetDependency */,
			);
			name = RecipleaseUITests;
			productName = RecipleaseUITests;
			productReference = 5A1568A425138A700086EB19 /* RecipleaseUITests.xctest */;
			productType = "com.apple.product-type.bundle.ui-testing";
		};
/* End PBXNativeTarget section */

/* Begin PBXProject section */
		5A15687825138A6C0086EB19 /* Project object */ = {
			isa = PBXProject;
			attributes = {
				LastSwiftUpdateCheck = 1160;
				LastUpgradeCheck = 1210;
				ORGANIZATIONNAME = "Nathalie Ortonne";
				TargetAttributes = {
					5A15687F25138A6C0086EB19 = {
						CreatedOnToolsVersion = 11.6;
					};
					5A15689825138A700086EB19 = {
						CreatedOnToolsVersion = 11.6;
						TestTargetID = 5A15687F25138A6C0086EB19;
					};
					5A1568A325138A700086EB19 = {
						CreatedOnToolsVersion = 11.6;
						TestTargetID = 5A15687F25138A6C0086EB19;
					};
				};
			};
			buildConfigurationList = 5A15687B25138A6C0086EB19 /* Build configuration list for PBXProject "Reciplease" */;
			compatibilityVersion = "Xcode 9.3";
			developmentRegion = en;
			hasScannedForEncodings = 0;
			knownRegions = (
				en,
				Base,
			);
			mainGroup = 5A15687725138A6C0086EB19;
			productRefGroup = 5A15688125138A6C0086EB19 /* Products */;
			projectDirPath = "";
			projectRoot = "";
			targets = (
				5A15687F25138A6C0086EB19 /* Reciplease */,
				5A15689825138A700086EB19 /* RecipleaseTests */,
				5A1568A325138A700086EB19 /* RecipleaseUITests */,
			);
		};
/* End PBXProject section */

/* Begin PBXResourcesBuildPhase section */
		5A15687E25138A6C0086EB19 /* Resources */ = {
			isa = PBXResourcesBuildPhase;
			buildActionMask = 2147483647;
			files = (
				5A15689325138A700086EB19 /* LaunchScreen.storyboard in Resources */,
				5A15689025138A700086EB19 /* Assets.xcassets in Resources */,
				5A15688B25138A6C0086EB19 /* Main.storyboard in Resources */,
			);
			runOnlyForDeploymentPostprocessing = 0;
		};
		5A15689725138A700086EB19 /* Resources */ = {
			isa = PBXResourcesBuildPhase;
			buildActionMask = 2147483647;
			files = (
				5A595EE92514A7F900D1C3F1 /* Recipes.json in Resources */,
			);
			runOnlyForDeploymentPostprocessing = 0;
		};
		5A1568A225138A700086EB19 /* Resources */ = {
			isa = PBXResourcesBuildPhase;
			buildActionMask = 2147483647;
			files = (
			);
			runOnlyForDeploymentPostprocessing = 0;
		};
/* End PBXResourcesBuildPhase section */

/* Begin PBXShellScriptBuildPhase section */
		80927AA4017E0298E795D17D /* [CP] Check Pods Manifest.lock */ = {
			isa = PBXShellScriptBuildPhase;
			buildActionMask = 2147483647;
			files = (
			);
			inputPaths = (
				"${PODS_PODFILE_DIR_PATH}/Podfile.lock",
				"${PODS_ROOT}/Manifest.lock",
			);
			name = "[CP] Check Pods Manifest.lock";
			outputPaths = (
				"$(DERIVED_FILE_DIR)/Pods-Reciplease-checkManifestLockResult.txt",
			);
			runOnlyForDeploymentPostprocessing = 0;
			shellPath = /bin/sh;
			shellScript = "diff \"${PODS_PODFILE_DIR_PATH}/Podfile.lock\" \"${PODS_ROOT}/Manifest.lock\" > /dev/null\nif [ $? != 0 ] ; then\n    # print error to STDERR\n    echo \"error: The sandbox is not in sync with the Podfile.lock. Run 'pod install' or update your CocoaPods installation.\" >&2\n    exit 1\nfi\n# This output is used by Xcode 'outputs' to avoid re-running this script phase.\necho \"SUCCESS\" > \"${SCRIPT_OUTPUT_FILE_0}\"\n";
			showEnvVarsInLog = 0;
		};
		BA164FDFF1E2E897F9D771DA /* [CP] Embed Pods Frameworks */ = {
			isa = PBXShellScriptBuildPhase;
			buildActionMask = 2147483647;
			files = (
			);
			inputPaths = (
				"${SRCROOT}/Pods/Target Support Files/Pods-Reciplease/Pods-Reciplease-frameworks.sh",
				"${BUILT_PRODUCTS_DIR}/Alamofire/Alamofire.framework",
				"${BUILT_PRODUCTS_DIR}/AlamofireImage/AlamofireImage.framework",
			);
			name = "[CP] Embed Pods Frameworks";
			outputPaths = (
				"${TARGET_BUILD_DIR}/${FRAMEWORKS_FOLDER_PATH}/Alamofire.framework",
				"${TARGET_BUILD_DIR}/${FRAMEWORKS_FOLDER_PATH}/AlamofireImage.framework",
			);
			runOnlyForDeploymentPostprocessing = 0;
			shellPath = /bin/sh;
			shellScript = "\"${SRCROOT}/Pods/Target Support Files/Pods-Reciplease/Pods-Reciplease-frameworks.sh\"\n";
			showEnvVarsInLog = 0;
		};
		D43730C612E5E8A64C5514CE /* [CP] Embed Pods Frameworks */ = {
			isa = PBXShellScriptBuildPhase;
			buildActionMask = 2147483647;
			files = (
			);
			inputPaths = (
				"${SRCROOT}/Pods/Target Support Files/Pods-RecipleaseTests/Pods-RecipleaseTests-frameworks.sh",
				"${BUILT_PRODUCTS_DIR}/Alamofire/Alamofire.framework",
				"${BUILT_PRODUCTS_DIR}/AlamofireImage/AlamofireImage.framework",
			);
			name = "[CP] Embed Pods Frameworks";
			outputPaths = (
				"${TARGET_BUILD_DIR}/${FRAMEWORKS_FOLDER_PATH}/Alamofire.framework",
				"${TARGET_BUILD_DIR}/${FRAMEWORKS_FOLDER_PATH}/AlamofireImage.framework",
			);
			runOnlyForDeploymentPostprocessing = 0;
			shellPath = /bin/sh;
			shellScript = "\"${SRCROOT}/Pods/Target Support Files/Pods-RecipleaseTests/Pods-RecipleaseTests-frameworks.sh\"\n";
			showEnvVarsInLog = 0;
		};
		F02EAE8DB03FA8BF39B00CE6 /* [CP] Check Pods Manifest.lock */ = {
			isa = PBXShellScriptBuildPhase;
			buildActionMask = 2147483647;
			files = (
			);
			inputPaths = (
				"${PODS_PODFILE_DIR_PATH}/Podfile.lock",
				"${PODS_ROOT}/Manifest.lock",
			);
			name = "[CP] Check Pods Manifest.lock";
			outputPaths = (
				"$(DERIVED_FILE_DIR)/Pods-RecipleaseTests-checkManifestLockResult.txt",
			);
			runOnlyForDeploymentPostprocessing = 0;
			shellPath = /bin/sh;
			shellScript = "diff \"${PODS_PODFILE_DIR_PATH}/Podfile.lock\" \"${PODS_ROOT}/Manifest.lock\" > /dev/null\nif [ $? != 0 ] ; then\n    # print error to STDERR\n    echo \"error: The sandbox is not in sync with the Podfile.lock. Run 'pod install' or update your CocoaPods installation.\" >&2\n    exit 1\nfi\n# This output is used by Xcode 'outputs' to avoid re-running this script phase.\necho \"SUCCESS\" > \"${SCRIPT_OUTPUT_FILE_0}\"\n";
			showEnvVarsInLog = 0;
		};
/* End PBXShellScriptBuildPhase section */

/* Begin PBXSourcesBuildPhase section */
		5A15687C25138A6C0086EB19 /* Sources */ = {
			isa = PBXSourcesBuildPhase;
			buildActionMask = 2147483647;
			files = (
				5AFD92302518A68C00A0365C /* SearchViewController.swift in Sources */,
				5AB139922534802400676CC2 /* FavoriteRecipesViewController.swift in Sources */,
				5A15688E25138A6C0086EB19 /* Reciplease.xcdatamodeld in Sources */,
				5A5023E4253040990061DE1C /* RecipeDetailViewController.swift in Sources */,
				5A6F958E2522028500CDEAF0 /* RecipesTableViewCell.swift in Sources */,
				5A15688425138A6C0086EB19 /* AppDelegate.swift in Sources */,
				5A595EDD25149EA800D1C3F1 /* Recipes.swift in Sources */,
				5A5E42C0255995DB006B3D9D /* CoreDataManager.swift in Sources */,
				5AB1398D25347FC900676CC2 /* FavoriteRecipesTableViewCell.swift in Sources */,
				5AFD923E2519E05000A0365C /* RecipesViewController.swift in Sources */,
				5A445AD72549A40B00141EAF /* RecipesSession.swift in Sources */,
				5A595EDF25149F4500D1C3F1 /* RecipesServices.swift in Sources */,
				5A445AEE2549A65200141EAF /* FavoriteRecipes.swift in Sources */,
			);
			runOnlyForDeploymentPostprocessing = 0;
		};
		5A15689525138A700086EB19 /* Sources */ = {
			isa = PBXSourcesBuildPhase;
			buildActionMask = 2147483647;
			files = (
				5A15689E25138A700086EB19 /* RecipleaseTests.swift in Sources */,
				5A445ADF2549A42D00141EAF /* AlamofireSessionFake.swift in Sources */,
				5A595EE32514A2F100D1C3F1 /* FakeResponseData.swift in Sources */,
			);
			runOnlyForDeploymentPostprocessing = 0;
		};
		5A1568A025138A700086EB19 /* Sources */ = {
			isa = PBXSourcesBuildPhase;
			buildActionMask = 2147483647;
			files = (
				5A1568A925138A700086EB19 /* RecipleaseUITests.swift in Sources */,
			);
			runOnlyForDeploymentPostprocessing = 0;
		};
/* End PBXSourcesBuildPhase section */

/* Begin PBXTargetDependency section */
		5A15689B25138A700086EB19 /* PBXTargetDependency */ = {
			isa = PBXTargetDependency;
			target = 5A15687F25138A6C0086EB19 /* Reciplease */;
			targetProxy = 5A15689A25138A700086EB19 /* PBXContainerItemProxy */;
		};
		5A1568A625138A700086EB19 /* PBXTargetDependency */ = {
			isa = PBXTargetDependency;
			target = 5A15687F25138A6C0086EB19 /* Reciplease */;
			targetProxy = 5A1568A525138A700086EB19 /* PBXContainerItemProxy */;
		};
/* End PBXTargetDependency section */

/* Begin PBXVariantGroup section */
		5A15688925138A6C0086EB19 /* Main.storyboard */ = {
			isa = PBXVariantGroup;
			children = (
				5A15688A25138A6C0086EB19 /* Base */,
			);
			name = Main.storyboard;
			sourceTree = "<group>";
		};
		5A15689125138A700086EB19 /* LaunchScreen.storyboard */ = {
			isa = PBXVariantGroup;
			children = (
				5A15689225138A700086EB19 /* Base */,
			);
			name = LaunchScreen.storyboard;
			sourceTree = "<group>";
		};
/* End PBXVariantGroup section */

/* Begin XCBuildConfiguration section */
		5A1568AB25138A700086EB19 /* Debug */ = {
			isa = XCBuildConfiguration;
			buildSettings = {
				ALWAYS_SEARCH_USER_PATHS = NO;
				CLANG_ANALYZER_NONNULL = YES;
				CLANG_ANALYZER_NUMBER_OBJECT_CONVERSION = YES_AGGRESSIVE;
				CLANG_CXX_LANGUAGE_STANDARD = "gnu++14";
				CLANG_CXX_LIBRARY = "libc++";
				CLANG_ENABLE_MODULES = YES;
				CLANG_ENABLE_OBJC_ARC = YES;
				CLANG_ENABLE_OBJC_WEAK = YES;
				CLANG_WARN_BLOCK_CAPTURE_AUTORELEASING = YES;
				CLANG_WARN_BOOL_CONVERSION = YES;
				CLANG_WARN_COMMA = YES;
				CLANG_WARN_CONSTANT_CONVERSION = YES;
				CLANG_WARN_DEPRECATED_OBJC_IMPLEMENTATIONS = YES;
				CLANG_WARN_DIRECT_OBJC_ISA_USAGE = YES_ERROR;
				CLANG_WARN_DOCUMENTATION_COMMENTS = YES;
				CLANG_WARN_EMPTY_BODY = YES;
				CLANG_WARN_ENUM_CONVERSION = YES;
				CLANG_WARN_INFINITE_RECURSION = YES;
				CLANG_WARN_INT_CONVERSION = YES;
				CLANG_WARN_NON_LITERAL_NULL_CONVERSION = YES;
				CLANG_WARN_OBJC_IMPLICIT_RETAIN_SELF = YES;
				CLANG_WARN_OBJC_LITERAL_CONVERSION = YES;
				CLANG_WARN_OBJC_ROOT_CLASS = YES_ERROR;
				CLANG_WARN_QUOTED_INCLUDE_IN_FRAMEWORK_HEADER = YES;
				CLANG_WARN_RANGE_LOOP_ANALYSIS = YES;
				CLANG_WARN_STRICT_PROTOTYPES = YES;
				CLANG_WARN_SUSPICIOUS_MOVE = YES;
				CLANG_WARN_UNGUARDED_AVAILABILITY = YES_AGGRESSIVE;
				CLANG_WARN_UNREACHABLE_CODE = YES;
				CLANG_WARN__DUPLICATE_METHOD_MATCH = YES;
				COPY_PHASE_STRIP = NO;
				DEBUG_INFORMATION_FORMAT = dwarf;
				ENABLE_STRICT_OBJC_MSGSEND = YES;
				ENABLE_TESTABILITY = YES;
				GCC_C_LANGUAGE_STANDARD = gnu11;
				GCC_DYNAMIC_NO_PIC = NO;
				GCC_NO_COMMON_BLOCKS = YES;
				GCC_OPTIMIZATION_LEVEL = 0;
				GCC_PREPROCESSOR_DEFINITIONS = (
					"DEBUG=1",
					"$(inherited)",
				);
				GCC_WARN_64_TO_32_BIT_CONVERSION = YES;
				GCC_WARN_ABOUT_RETURN_TYPE = YES_ERROR;
				GCC_WARN_UNDECLARED_SELECTOR = YES;
				GCC_WARN_UNINITIALIZED_AUTOS = YES_AGGRESSIVE;
				GCC_WARN_UNUSED_FUNCTION = YES;
				GCC_WARN_UNUSED_VARIABLE = YES;
				IPHONEOS_DEPLOYMENT_TARGET = 12.0;
				MTL_ENABLE_DEBUG_INFO = INCLUDE_SOURCE;
				MTL_FAST_MATH = YES;
				ONLY_ACTIVE_ARCH = YES;
				SDKROOT = iphoneos;
				SWIFT_ACTIVE_COMPILATION_CONDITIONS = DEBUG;
				SWIFT_OPTIMIZATION_LEVEL = "-Onone";
			};
			name = Debug;
		};
		5A1568AC25138A700086EB19 /* Release */ = {
			isa = XCBuildConfiguration;
			buildSettings = {
				ALWAYS_SEARCH_USER_PATHS = NO;
				CLANG_ANALYZER_NONNULL = YES;
				CLANG_ANALYZER_NUMBER_OBJECT_CONVERSION = YES_AGGRESSIVE;
				CLANG_CXX_LANGUAGE_STANDARD = "gnu++14";
				CLANG_CXX_LIBRARY = "libc++";
				CLANG_ENABLE_MODULES = YES;
				CLANG_ENABLE_OBJC_ARC = YES;
				CLANG_ENABLE_OBJC_WEAK = YES;
				CLANG_WARN_BLOCK_CAPTURE_AUTORELEASING = YES;
				CLANG_WARN_BOOL_CONVERSION = YES;
				CLANG_WARN_COMMA = YES;
				CLANG_WARN_CONSTANT_CONVERSION = YES;
				CLANG_WARN_DEPRECATED_OBJC_IMPLEMENTATIONS = YES;
				CLANG_WARN_DIRECT_OBJC_ISA_USAGE = YES_ERROR;
				CLANG_WARN_DOCUMENTATION_COMMENTS = YES;
				CLANG_WARN_EMPTY_BODY = YES;
				CLANG_WARN_ENUM_CONVERSION = YES;
				CLANG_WARN_INFINITE_RECURSION = YES;
				CLANG_WARN_INT_CONVERSION = YES;
				CLANG_WARN_NON_LITERAL_NULL_CONVERSION = YES;
				CLANG_WARN_OBJC_IMPLICIT_RETAIN_SELF = YES;
				CLANG_WARN_OBJC_LITERAL_CONVERSION = YES;
				CLANG_WARN_OBJC_ROOT_CLASS = YES_ERROR;
				CLANG_WARN_QUOTED_INCLUDE_IN_FRAMEWORK_HEADER = YES;
				CLANG_WARN_RANGE_LOOP_ANALYSIS = YES;
				CLANG_WARN_STRICT_PROTOTYPES = YES;
				CLANG_WARN_SUSPICIOUS_MOVE = YES;
				CLANG_WARN_UNGUARDED_AVAILABILITY = YES_AGGRESSIVE;
				CLANG_WARN_UNREACHABLE_CODE = YES;
				CLANG_WARN__DUPLICATE_METHOD_MATCH = YES;
				COPY_PHASE_STRIP = NO;
				DEBUG_INFORMATION_FORMAT = "dwarf-with-dsym";
				ENABLE_NS_ASSERTIONS = NO;
				ENABLE_STRICT_OBJC_MSGSEND = YES;
				GCC_C_LANGUAGE_STANDARD = gnu11;
				GCC_NO_COMMON_BLOCKS = YES;
				GCC_WARN_64_TO_32_BIT_CONVERSION = YES;
				GCC_WARN_ABOUT_RETURN_TYPE = YES_ERROR;
				GCC_WARN_UNDECLARED_SELECTOR = YES;
				GCC_WARN_UNINITIALIZED_AUTOS = YES_AGGRESSIVE;
				GCC_WARN_UNUSED_FUNCTION = YES;
				GCC_WARN_UNUSED_VARIABLE = YES;
				IPHONEOS_DEPLOYMENT_TARGET = 12.0;
				MTL_ENABLE_DEBUG_INFO = NO;
				MTL_FAST_MATH = YES;
				SDKROOT = iphoneos;
				SWIFT_COMPILATION_MODE = wholemodule;
				SWIFT_OPTIMIZATION_LEVEL = "-O";
				VALIDATE_PRODUCT = YES;
			};
			name = Release;
		};
		5A1568AE25138A700086EB19 /* Debug */ = {
			isa = XCBuildConfiguration;
			baseConfigurationReference = 20E5F46C0D80D2BC17A59AC6 /* Pods-Reciplease.debug.xcconfig */;
			buildSettings = {
				ASSETCATALOG_COMPILER_APPICON_NAME = AppIcon;
				CODE_SIGN_STYLE = Automatic;
				DEVELOPMENT_TEAM = XJPLMV5UNX;
				INFOPLIST_FILE = "Reciplease/Other Files/Info.plist";
				IPHONEOS_DEPLOYMENT_TARGET = 12.0;
				LD_RUNPATH_SEARCH_PATHS = (
					"$(inherited)",
					"@executable_path/Frameworks",
				);
				PRODUCT_BUNDLE_IDENTIFIER = fr.nathalieortonne.Reciplease;
				PRODUCT_NAME = "$(TARGET_NAME)";
				SWIFT_VERSION = 5.0;
				TARGETED_DEVICE_FAMILY = "1,2";
			};
			name = Debug;
		};
		5A1568AF25138A700086EB19 /* Release */ = {
			isa = XCBuildConfiguration;
			baseConfigurationReference = 1A15092ACBF5C200FB56DA6D /* Pods-Reciplease.release.xcconfig */;
			buildSettings = {
				ASSETCATALOG_COMPILER_APPICON_NAME = AppIcon;
				CODE_SIGN_STYLE = Automatic;
				DEVELOPMENT_TEAM = XJPLMV5UNX;
				INFOPLIST_FILE = "Reciplease/Other Files/Info.plist";
				IPHONEOS_DEPLOYMENT_TARGET = 12.0;
				LD_RUNPATH_SEARCH_PATHS = (
					"$(inherited)",
					"@executable_path/Frameworks",
				);
				PRODUCT_BUNDLE_IDENTIFIER = fr.nathalieortonne.Reciplease;
				PRODUCT_NAME = "$(TARGET_NAME)";
				SWIFT_VERSION = 5.0;
				TARGETED_DEVICE_FAMILY = "1,2";
			};
			name = Release;
		};
		5A1568B125138A700086EB19 /* Debug */ = {
			isa = XCBuildConfiguration;
			baseConfigurationReference = 692B913848BFC031080ED080 /* Pods-RecipleaseTests.debug.xcconfig */;
			buildSettings = {
				ALWAYS_EMBED_SWIFT_STANDARD_LIBRARIES = YES;
				BUNDLE_LOADER = "$(TEST_HOST)";
				CODE_SIGN_STYLE = Automatic;
				DEVELOPMENT_TEAM = XJPLMV5UNX;
				INFOPLIST_FILE = RecipleaseTests/Info.plist;
				IPHONEOS_DEPLOYMENT_TARGET = 13.6;
				LD_RUNPATH_SEARCH_PATHS = (
					"$(inherited)",
					"@executable_path/Frameworks",
					"@loader_path/Frameworks",
				);
				PRODUCT_BUNDLE_IDENTIFIER = fr.nathalieortonne.RecipleaseTests;
				PRODUCT_NAME = "$(TARGET_NAME)";
				SWIFT_VERSION = 5.0;
				TARGETED_DEVICE_FAMILY = "1,2";
				TEST_HOST = "$(BUILT_PRODUCTS_DIR)/Reciplease.app/Reciplease";
			};
			name = Debug;
		};
		5A1568B225138A700086EB19 /* Release */ = {
			isa = XCBuildConfiguration;
			baseConfigurationReference = 537C86A3A83632EB6C0F479F /* Pods-RecipleaseTests.release.xcconfig */;
			buildSettings = {
				ALWAYS_EMBED_SWIFT_STANDARD_LIBRARIES = YES;
				BUNDLE_LOADER = "$(TEST_HOST)";
				CODE_SIGN_STYLE = Automatic;
				DEVELOPMENT_TEAM = XJPLMV5UNX;
				INFOPLIST_FILE = RecipleaseTests/Info.plist;
				IPHONEOS_DEPLOYMENT_TARGET = 13.6;
				LD_RUNPATH_SEARCH_PATHS = (
					"$(inherited)",
					"@executable_path/Frameworks",
					"@loader_path/Frameworks",
				);
				PRODUCT_BUNDLE_IDENTIFIER = fr.nathalieortonne.RecipleaseTests;
				PRODUCT_NAME = "$(TARGET_NAME)";
				SWIFT_VERSION = 5.0;
				TARGETED_DEVICE_FAMILY = "1,2";
				TEST_HOST = "$(BUILT_PRODUCTS_DIR)/Reciplease.app/Reciplease";
			};
			name = Release;
		};
		5A1568B425138A700086EB19 /* Debug */ = {
			isa = XCBuildConfiguration;
			buildSettings = {
				ALWAYS_EMBED_SWIFT_STANDARD_LIBRARIES = YES;
				CODE_SIGN_STYLE = Automatic;
				DEVELOPMENT_TEAM = XJPLMV5UNX;
				INFOPLIST_FILE = RecipleaseUITests/Info.plist;
				LD_RUNPATH_SEARCH_PATHS = (
					"$(inherited)",
					"@executable_path/Frameworks",
					"@loader_path/Frameworks",
				);
				PRODUCT_BUNDLE_IDENTIFIER = fr.nathalieortonne.RecipleaseUITests;
				PRODUCT_NAME = "$(TARGET_NAME)";
				SWIFT_VERSION = 5.0;
				TARGETED_DEVICE_FAMILY = "1,2";
				TEST_TARGET_NAME = Reciplease;
			};
			name = Debug;
		};
		5A1568B525138A700086EB19 /* Release */ = {
			isa = XCBuildConfiguration;
			buildSettings = {
				ALWAYS_EMBED_SWIFT_STANDARD_LIBRARIES = YES;
				CODE_SIGN_STYLE = Automatic;
				DEVELOPMENT_TEAM = XJPLMV5UNX;
				INFOPLIST_FILE = RecipleaseUITests/Info.plist;
				LD_RUNPATH_SEARCH_PATHS = (
					"$(inherited)",
					"@executable_path/Frameworks",
					"@loader_path/Frameworks",
				);
				PRODUCT_BUNDLE_IDENTIFIER = fr.nathalieortonne.RecipleaseUITests;
				PRODUCT_NAME = "$(TARGET_NAME)";
				SWIFT_VERSION = 5.0;
				TARGETED_DEVICE_FAMILY = "1,2";
				TEST_TARGET_NAME = Reciplease;
			};
			name = Release;
		};
/* End XCBuildConfiguration section */

/* Begin XCConfigurationList section */
		5A15687B25138A6C0086EB19 /* Build configuration list for PBXProject "Reciplease" */ = {
			isa = XCConfigurationList;
			buildConfigurations = (
				5A1568AB25138A700086EB19 /* Debug */,
				5A1568AC25138A700086EB19 /* Release */,
			);
			defaultConfigurationIsVisible = 0;
			defaultConfigurationName = Release;
		};
		5A1568AD25138A700086EB19 /* Build configuration list for PBXNativeTarget "Reciplease" */ = {
			isa = XCConfigurationList;
			buildConfigurations = (
				5A1568AE25138A700086EB19 /* Debug */,
				5A1568AF25138A700086EB19 /* Release */,
			);
			defaultConfigurationIsVisible = 0;
			defaultConfigurationName = Release;
		};
		5A1568B025138A700086EB19 /* Build configuration list for PBXNativeTarget "RecipleaseTests" */ = {
			isa = XCConfigurationList;
			buildConfigurations = (
				5A1568B125138A700086EB19 /* Debug */,
				5A1568B225138A700086EB19 /* Release */,
			);
			defaultConfigurationIsVisible = 0;
			defaultConfigurationName = Release;
		};
		5A1568B325138A700086EB19 /* Build configuration list for PBXNativeTarget "RecipleaseUITests" */ = {
			isa = XCConfigurationList;
			buildConfigurations = (
				5A1568B425138A700086EB19 /* Debug */,
				5A1568B525138A700086EB19 /* Release */,
			);
			defaultConfigurationIsVisible = 0;
			defaultConfigurationName = Release;
		};
/* End XCConfigurationList section */

/* Begin XCVersionGroup section */
		5A15688C25138A6C0086EB19 /* Reciplease.xcdatamodeld */ = {
			isa = XCVersionGroup;
			children = (
				5A15688D25138A6C0086EB19 /* Reciplease.xcdatamodel */,
			);
			currentVersion = 5A15688D25138A6C0086EB19 /* Reciplease.xcdatamodel */;
			path = Reciplease.xcdatamodeld;
			sourceTree = "<group>";
			versionGroupType = wrapper.xcdatamodel;
		};
/* End XCVersionGroup section */
	};
	rootObject = 5A15687825138A6C0086EB19 /* Project object */;
}
